
Microsoft Visual Studio Solution File, Format Version 12.00
# Visual Studio Version 17
VisualStudioVersion = 17.7.34221.43
MinimumVisualStudioVersion = 10.0.40219.1
Project("{FAE04EC0-301F-11D3-BF4B-00C04F79EFBC}") = "tammrin8", "tammrin8\tammrin8.csproj", "{35F8151B-6C33-471D-B5C6-C5553DCAD9EB}"
EndProject
Global
	GlobalSection(SolutionConfigurationPlatforms) = preSolution
		Debug|Any CPU = Debug|Any CPU
		Release|Any CPU = Release|Any CPU
	EndGlobalSection
	GlobalSection(ProjectConfigurationPlatforms) = postSolution
		{35F8151B-6C33-471D-B5C6-C5553DCAD9EB}.Debug|Any CPU.ActiveCfg = Debug|Any CPU
		{35F8151B-6C33-471D-B5C6-C5553DCAD9EB}.Debug|Any CPU.Build.0 = Debug|Any CPU
		{35F8151B-6C33-471D-B5C6-C5553DCAD9EB}.Release|Any CPU.ActiveCfg = Release|Any CPU
		{35F8151B-6C33-471D-B5C6-C5553DCAD9EB}.Release|Any CPU.Build.0 = Release|Any CPU
	EndGlobalSection
	GlobalSection(SolutionProperties) = preSolution
		HideSolutionNode = FALSE
	EndGlobalSection
	GlobalSection(ExtensibilityGlobals) = postSolution
		SolutionGuid = {4B72D026-DAAE-4687-8A0A-AA34DC5FC664}
	EndGlobalSection
EndGlobal
